
Microsoft Visual Studio Solution File, Format Version 12.00
# Visual Studio Version 17
VisualStudioVersion = 17.11.35327.3
MinimumVisualStudioVersion = 10.0.40219.1
Project("{9A19103F-16F7-4668-BE54-9A1E7A4F7556}") = "fnPostDataStorage", "fnPostDataStorage\fnPostDataStorage.csproj", "{635C940D-5433-4D4B-A147-ECF89998ECCD}"
EndProject
Project("{9A19103F-16F7-4668-BE54-9A1E7A4F7556}") = "fnPostDatabase", "FnPostDatabase\fnPostDatabase.csproj", "{5F490989-E7CF-41D3-A332-A5577AED55C9}"
EndProject
Project("{9A19103F-16F7-4668-BE54-9A1E7A4F7556}") = "fnGetMovieDetail", "fnGetMovieDetail\fnGetMovieDetail.csproj", "{6A7FE3A4-87DF-4697-84A8-B7F7372F6695}"
EndProject
Project("{FAE04EC0-301F-11D3-BF4B-00C04F79EFBC}") = "fnGetAllMovies", "fnGetAllMovies\fnGetAllMovies.csproj", "{923243B1-25AD-4011-8265-F7B9C5A8705C}"
EndProject
Global
	GlobalSection(SolutionConfigurationPlatforms) = preSolution
		Debug|Any CPU = Debug|Any CPU
		Release|Any CPU = Release|Any CPU
	EndGlobalSection
	GlobalSection(ProjectConfigurationPlatforms) = postSolution
		{635C940D-5433-4D4B-A147-ECF89998ECCD}.Debug|Any CPU.ActiveCfg = Debug|Any CPU
		{635C940D-5433-4D4B-A147-ECF89998ECCD}.Debug|Any CPU.Build.0 = Debug|Any CPU
		{635C940D-5433-4D4B-A147-ECF89998ECCD}.Release|Any CPU.ActiveCfg = Release|Any CPU
		{635C940D-5433-4D4B-A147-ECF89998ECCD}.Release|Any CPU.Build.0 = Release|Any CPU
		{5F490989-E7CF-41D3-A332-A5577AED55C9}.Debug|Any CPU.ActiveCfg = Debug|Any CPU
		{5F490989-E7CF-41D3-A332-A5577AED55C9}.Debug|Any CPU.Build.0 = Debug|Any CPU
		{5F490989-E7CF-41D3-A332-A5577AED55C9}.Release|Any CPU.ActiveCfg = Release|Any CPU
		{5F490989-E7CF-41D3-A332-A5577AED55C9}.Release|Any CPU.Build.0 = Release|Any CPU
		{6A7FE3A4-87DF-4697-84A8-B7F7372F6695}.Debug|Any CPU.ActiveCfg = Debug|Any CPU
		{6A7FE3A4-87DF-4697-84A8-B7F7372F6695}.Debug|Any CPU.Build.0 = Debug|Any CPU
		{6A7FE3A4-87DF-4697-84A8-B7F7372F6695}.Release|Any CPU.ActiveCfg = Release|Any CPU
		{6A7FE3A4-87DF-4697-84A8-B7F7372F6695}.Release|Any CPU.Build.0 = Release|Any CPU
		{923243B1-25AD-4011-8265-F7B9C5A8705C}.Debug|Any CPU.ActiveCfg = Debug|Any CPU
		{923243B1-25AD-4011-8265-F7B9C5A8705C}.Debug|Any CPU.Build.0 = Debug|Any CPU
		{923243B1-25AD-4011-8265-F7B9C5A8705C}.Release|Any CPU.ActiveCfg = Release|Any CPU
		{923243B1-25AD-4011-8265-F7B9C5A8705C}.Release|Any CPU.Build.0 = Release|Any CPU
	EndGlobalSection
	GlobalSection(SolutionProperties) = preSolution
		HideSolutionNode = FALSE
	EndGlobalSection
	GlobalSection(ExtensibilityGlobals) = postSolution
		SolutionGuid = {A9D2C307-3B38-406E-B477-FCF4FCF73805}
	EndGlobalSection
EndGlobal
